<?xml version="1.0" encoding="utf-8"?>
<Project ToolsVersion="4.0" xmlns="http://schemas.microsoft.com/developer/msbuild/2003">
  <ItemGroup>
    <FxCompile Include="colour_ps.hlsl">
      <Filter>HLSL</Filter>
    </FxCompile>
    <FxCompile Include="colour_vs.hlsl">
      <Filter>HLSL</Filter>
    </FxCompile>
    <FxCompile Include="light_ps.hlsl">
      <Filter>HLSL</Filter>
    </FxCompile>
    <FxCompile Include="light_vs.hlsl">
      <Filter>HLSL</Filter>
    </FxCompile>
  </ItemGroup>
  <ItemGroup>
    <ClCompile Include="Game.cpp" />
    <ClCompile Include="Input.cpp" />
    <ClCompile Include="Main.cpp" />
    <ClCompile Include="imgui.cpp">
      <Filter>Imgui</Filter>
    </ClCompile>
    <ClCompile Include="imgui_demo.cpp">
      <Filter>Imgui</Filter>
    </ClCompile>
    <ClCompile Include="imgui_draw.cpp">
      <Filter>Imgui</Filter>
    </ClCompile>
    <ClCompile Include="imgui_impl_dx11.cpp">
      <Filter>Imgui</Filter>
    </ClCompile>
    <ClCompile Include="imgui_impl_win32.cpp">
      <Filter>Imgui</Filter>
    </ClCompile>
    <ClCompile Include="imgui_widgets.cpp">
      <Filter>Imgui</Filter>
    </ClCompile>
    <ClCompile Include="DeviceResources.cpp">
      <Filter>Resources</Filter>
    </ClCompile>
    <ClCompile Include="Camera.cpp">
      <Filter>Rendering</Filter>
    </ClCompile>
    <ClCompile Include="Light.cpp">
      <Filter>Rendering</Filter>
    </ClCompile>
    <ClCompile Include="modelclass.cpp">
      <Filter>Rendering</Filter>
    </ClCompile>
    <ClCompile Include="RenderTexture.cpp">
      <Filter>Rendering</Filter>
    </ClCompile>
    <ClCompile Include="Shader.cpp">
      <Filter>Rendering</Filter>
    </ClCompile>
    <ClCompile Include="Terrain.cpp">
      <Filter>Rendering</Filter>
    </ClCompile>
    <ClCompile Include="pch.cpp">
      <Filter>Resources</Filter>
    </ClCompile>
    <ClCompile Include="Player.cpp">
      <Filter>Game Elements</Filter>
    </ClCompile>
    <ClCompile Include="CollisionDetection.cpp">
      <Filter>Game Elements</Filter>
    </ClCompile>
    <ClCompile Include="Boundary.cpp">
      <Filter>Game Elements</Filter>
    </ClCompile>
    <ClCompile Include="Leaf.cpp">
      <Filter>BSP</Filter>
    </ClCompile>
    <ClCompile Include="MapGenerator.cpp">
      <Filter>BSP</Filter>
    </ClCompile>
    <ClCompile Include="Corridor.cpp">
      <Filter>Game Elements</Filter>
    </ClCompile>
  </ItemGroup>
  <ItemGroup>
    <ClInclude Include="imconfig.h">
      <Filter>Imgui</Filter>
    </ClInclude>
    <ClInclude Include="imgui.h">
      <Filter>Imgui</Filter>
    </ClInclude>
    <ClInclude Include="imgui_impl_dx11.h">
      <Filter>Imgui</Filter>
    </ClInclude>
    <ClInclude Include="imgui_impl_win32.h">
      <Filter>Imgui</Filter>
    </ClInclude>
    <ClInclude Include="imgui_internal.h">
      <Filter>Imgui</Filter>
    </ClInclude>
    <ClInclude Include="imstb_rectpack.h">
      <Filter>Imgui</Filter>
    </ClInclude>
    <ClInclude Include="imstb_textedit.h">
      <Filter>Imgui</Filter>
    </ClInclude>
    <ClInclude Include="imstb_truetype.h">
      <Filter>Imgui</Filter>
    </ClInclude>
    <ClInclude Include="Camera.h">
      <Filter>Headers</Filter>
    </ClInclude>
    <ClInclude Include="Game.h">
      <Filter>Headers</Filter>
    </ClInclude>
    <ClInclude Include="Input.h">
      <Filter>Headers</Filter>
    </ClInclude>
    <ClInclude Include="Light.h">
      <Filter>Headers</Filter>
    </ClInclude>
    <ClInclude Include="modelclass.h">
      <Filter>Headers</Filter>
    </ClInclude>
    <ClInclude Include="ReadData.h">
      <Filter>Headers</Filter>
    </ClInclude>
    <ClInclude Include="pch.h">
      <Filter>Headers</Filter>
    </ClInclude>
    <ClInclude Include="RenderTexture.h">
      <Filter>Headers</Filter>
    </ClInclude>
    <ClInclude Include="Shader.h">
      <Filter>Headers</Filter>
    </ClInclude>
    <ClInclude Include="StepTimer.h">
      <Filter>Headers</Filter>
    </ClInclude>
    <ClInclude Include="Terrain.h">
      <Filter>Headers</Filter>
    </ClInclude>
    <ClInclude Include="DeviceResources.h">
      <Filter>Headers</Filter>
    </ClInclude>
    <ClInclude Include="Player.h">
      <Filter>Game Elements</Filter>
    </ClInclude>
    <ClInclude Include="CollisionDetection.h">
      <Filter>Game Elements</Filter>
    </ClInclude>
    <ClInclude Include="Boundary.h">
      <Filter>Game Elements</Filter>
    </ClInclude>
    <ClInclude Include="Leaf.h">
      <Filter>BSP</Filter>
    </ClInclude>
    <ClInclude Include="MapGenerator.h">
      <Filter>BSP</Filter>
    </ClInclude>
    <ClInclude Include="Corridor.h">
      <Filter>Game Elements</Filter>
    </ClInclude>
  </ItemGroup>
  <ItemGroup>
    <None Include="packages.config">
      <Filter>Resources</Filter>
    </None>
    <None Include="SegoeUI_18.spritefont">
      <Filter>Resources</Filter>
    </None>
  </ItemGroup>
  <ItemGroup>
    <Filter Include="Imgui">
      <UniqueIdentifier>{ea02c1b5-8e02-4ef1-8c5b-0a24edbc2086}</UniqueIdentifier>
    </Filter>
    <Filter Include="Headers">
      <UniqueIdentifier>{d47882b5-db0f-4eb0-ac3f-7f6b4bca9a16}</UniqueIdentifier>
    </Filter>
    <Filter Include="HLSL">
      <UniqueIdentifier>{4b480c42-3794-43af-bd04-0cd5dfd18a83}</UniqueIdentifier>
    </Filter>
    <Filter Include="Resources">
      <UniqueIdentifier>{2859b073-3ded-4f84-9994-5d8ee5f6306e}</UniqueIdentifier>
    </Filter>
    <Filter Include="Rendering">
      <UniqueIdentifier>{db50f952-0c1b-443e-b287-2c0b3726e139}</UniqueIdentifier>
    </Filter>
    <Filter Include="Game Elements">
      <UniqueIdentifier>{387e3ef2-6a67-4b39-bae2-4c897cdebeab}</UniqueIdentifier>
    </Filter>
    <Filter Include="BSP">
      <UniqueIdentifier>{e0f8328e-6aea-4c3b-a5f3-8e2e118aadf6}</UniqueIdentifier>
    </Filter>
  </ItemGroup>
  <ItemGroup>
    <Image Include="directx.ico">
      <Filter>Resources</Filter>
    </Image>
  </ItemGroup>
  <ItemGroup>
    <ResourceCompile Include="resource.rc">
      <Filter>Resources</Filter>
    </ResourceCompile>
  </ItemGroup>
  <ItemGroup>
    <Manifest Include="settings.manifest">
      <Filter>Resources</Filter>
    </Manifest>
  </ItemGroup>
</Project>